{
  "name": "asasa",
  "lockfileVersion": 3,
  "requires": true,
  "packages": {
    "": {
      "dependencies": {
        "opencode-goal-plugin": "^0.7.0"
      }
    },
    "node_modules/opencode-goal-plugin": {
      "version": "0.7.0",
      "resolved": "https://registry.npmjs.org/opencode-goal-plugin/-/opencode-goal-plugin-0.7.0.tgz",
      "integrity": "sha512-1PSdLGJx0ZQ6TwlRM4AppfY5jOQSCKNy9Um/ggRWP80PF+9fScZV6g56gwNHdRCh/1Dw0RA/xDsXLLugWY1ltA==",
      "license": "MIT",
      "dependencies": {
        "zod": "4.1.8"
      },
      "bin": {
        "opencode-goal-plugin": "scripts/verify.mjs"
      },
      "engines": {
        "node": ">=18",
        "opencode": ">=1.17.15 <2"
      }
    },
    "node_modules/zod": {
      "version": "4.1.8",
      "resolved": "https://registry.npmjs.org/zod/-/zod-4.1.8.tgz",
      "integrity": "sha512-5R1P+WwQqmmMIEACyzSvo4JXHY5WiAFHRMg+zBZKgKS+Q1viRa0C1hmUKtHltoIFKtIdki3pRxkmpP74jnNYHQ==",
      "license": "MIT",
      "funding": {
        "url": "https://github.com/sponsors/colinhacks"
      }
    }
  }
}
